{
  "name": "tri-connect-services",
  "version": "0.0.0",
  "lockfileVersion": 3,
  "requires": true,
  "packages": {
    "": {
      "name": "tri-connect-services",
      "version": "0.0.0",
      "workspaces": [
        "apps/*",
        "libs/*",
        "cli/*"
      ],
      "devDependencies": {},
      "engines": {
        "node": ">=20.0.0",
        "npm": ">=10.5.0"
      }
    },
    "apps/api": {
      "name": "@trics/api",
      "dependencies": {
        "@trics/sayHello": "*"
      }
    },
    "libs/sayHello": {
      "name": "@trics/sayHello"
    },
    "node_modules/@trics/api": {
      "resolved": "apps/api",
      "link": true
    },
    "node_modules/@trics/sayHello": {
      "resolved": "libs/sayHello",
      "link": true
    }
  }
}
